// !$*UTF8*$!
{
	archiveVersion = 1;
	classes = {
	};
	objectVersion = 50;
	objects = {

/* Begin PBXBuildFile section */
		C28E5544260CFFA600FB97C1 /* JSON_Parsing_PracticeApp.swift in Sources */ = {isa = PBXBuildFile; fileRef = C28E5543260CFFA600FB97C1 /* JSON_Parsing_PracticeApp.swift */; };
		C28E5546260CFFA600FB97C1 /* ContentView.swift in Sources */ = {isa = PBXBuildFile; fileRef = C28E5545260CFFA600FB97C1 /* ContentView.swift */; };
		C28E5548260CFFA700FB97C1 /* Assets.xcassets in Resources */ = {isa = PBXBuildFile; fileRef = C28E5547260CFFA700FB97C1 /* Assets.xcassets */; };
		C28E554B260CFFA700FB97C1 /* Preview Assets.xcassets in Resources */ = {isa = PBXBuildFile; fileRef = C28E554A260CFFA700FB97C1 /* Preview Assets.xcassets */; };
		C28E5557260D001300FB97C1 /* APIManager.swift in Sources */ = {isa = PBXBuildFile; fileRef = C28E5556260D001300FB97C1 /* APIManager.swift */; };
		C28E555A260D036600FB97C1 /* Users.swift in Sources */ = {isa = PBXBuildFile; fileRef = C28E5559260D036600FB97C1 /* Users.swift */; };
		C28E555D260D03C900FB97C1 /* Posts.swift in Sources */ = {isa = PBXBuildFile; fileRef = C28E555C260D03C900FB97C1 /* Posts.swift */; };
		C28E5560260D03E300FB97C1 /* Albums.swift in Sources */ = {isa = PBXBuildFile; fileRef = C28E555F260D03E300FB97C1 /* Albums.swift */; };
/* End PBXBuildFile section */

/* Begin PBXFileReference section */
		C28E5540260CFFA600FB97C1 /* JSON Parsing Practice.app */ = {isa = PBXFileReference; explicitFileType = wrapper.application; includeInIndex = 0; path = "JSON Parsing Practice.app"; sourceTree = BUILT_PRODUCTS_DIR; };
		C28E5543260CFFA600FB97C1 /* JSON_Parsing_PracticeApp.swift */ = {isa = PBXFileReference; lastKnownFileType = sourcecode.swift; path = JSON_Parsing_PracticeApp.swift; sourceTree = "<group>"; };
		C28E5545260CFFA600FB97C1 /* ContentView.swift */ = {isa = PBXFileReference; lastKnownFileType = sourcecode.swift; path = ContentView.swift; sourceTree = "<group>"; };
		C28E5547260CFFA700FB97C1 /* Assets.xcassets */ = {isa = PBXFileReference; lastKnownFileType = folder.assetcatalog; path = Assets.xcassets; sourceTree = "<group>"; };
		C28E554A260CFFA700FB97C1 /* Preview Assets.xcassets */ = {isa = PBXFileReference; lastKnownFileType = folder.assetcatalog; path = "Preview Assets.xcassets"; sourceTree = "<group>"; };
		C28E554C260CFFA700FB97C1 /* Info.plist */ = {isa = PBXFileReference; lastKnownFileType = text.plist.xml; path = Info.plist; sourceTree = "<group>"; };
		C28E5556260D001300FB97C1 /* APIManager.swift */ = {isa = PBXFileReference; lastKnownFileType = sourcecode.swift; path = APIManager.swift; sourceTree = "<group>"; };
		C28E5559260D036600FB97C1 /* Users.swift */ = {isa = PBXFileReference; lastKnownFileType = sourcecode.swift; path = Users.swift; sourceTree = "<group>"; };
		C28E555C260D03C900FB97C1 /* Posts.swift */ = {isa = PBXFileReference; lastKnownFileType = sourcecode.swift; path = Posts.swift; sourceTree = "<group>"; };
		C28E555F260D03E300FB97C1 /* Albums.swift */ = {isa = PBXFileReference; lastKnownFileType = sourcecode.swift; path = Albums.swift; sourceTree = "<group>"; };
/* End PBXFileReference section */

/* Begin PBXFrameworksBuildPhase section */
		C28E553D260CFFA600FB97C1 /* Frameworks */ = {
			isa = PBXFrameworksBuildPhase;
			buildActionMask = 2147483647;
			files = (
			);
			runOnlyForDeploymentPostprocessing = 0;
		};
/* End PBXFrameworksBuildPhase section */

/* Begin PBXGroup section */
		C28E5537260CFFA500FB97C1 = {
			isa = PBXGroup;
			children = (
				C28E5542260CFFA600FB97C1 /* JSON Parsing Practice */,
				C28E5541260CFFA600FB97C1 /* Products */,
			);
			sourceTree = "<group>";
		};
		C28E5541260CFFA600FB97C1 /* Products */ = {
			isa = PBXGroup;
			children = (
				C28E5540260CFFA600FB97C1 /* JSON Parsing Practice.app */,
			);
			name = Products;
			sourceTree = "<group>";
		};
		C28E5542260CFFA600FB97C1 /* JSON Parsing Practice */ = {
			isa = PBXGroup;
			children = (
				C28E5553260CFFD300FB97C1 /* API */,
				C28E5543260CFFA600FB97C1 /* JSON_Parsing_PracticeApp.swift */,
				C28E5545260CFFA600FB97C1 /* ContentView.swift */,
				C28E5547260CFFA700FB97C1 /* Assets.xcassets */,
				C28E554C260CFFA700FB97C1 /* Info.plist */,
				C28E5549260CFFA700FB97C1 /* Preview Content */,
			);
			path = "JSON Parsing Practice";
			sourceTree = "<group>";
		};
		C28E5549260CFFA700FB97C1 /* Preview Content */ = {
			isa = PBXGroup;
			children = (
				C28E554A260CFFA700FB97C1 /* Preview Assets.xcassets */,
			);
			path = "Preview Content";
			sourceTree = "<group>";
		};
		C28E5553260CFFD300FB97C1 /* API */ = {
			isa = PBXGroup;
			children = (
				C28E5555260D000100FB97C1 /* models */,
				C28E5554260CFFF500FB97C1 /* services */,
			);
			path = API;
			sourceTree = "<group>";
		};
		C28E5554260CFFF500FB97C1 /* services */ = {
			isa = PBXGroup;
			children = (
				C28E5556260D001300FB97C1 /* APIManager.swift */,
			);
			path = services;
			sourceTree = "<group>";
		};
		C28E5555260D000100FB97C1 /* models */ = {
			isa = PBXGroup;
			children = (
				C28E555F260D03E300FB97C1 /* Albums.swift */,
				C28E555C260D03C900FB97C1 /* Posts.swift */,
				C28E5559260D036600FB97C1 /* Users.swift */,
			);
			path = models;
			sourceTree = "<group>";
		};
/* End PBXGroup section */

/* Begin PBXNativeTarget section */
		C28E553F260CFFA600FB97C1 /* JSON Parsing Practice */ = {
			isa = PBXNativeTarget;
			buildConfigurationList = C28E554F260CFFA700FB97C1 /* Build configuration list for PBXNativeTarget "JSON Parsing Practice" */;
			buildPhases = (
				C28E553C260CFFA600FB97C1 /* Sources */,
				C28E553D260CFFA600FB97C1 /* Frameworks */,
				C28E553E260CFFA600FB97C1 /* Resources */,
			);
			buildRules = (
			);
			dependencies = (
			);
			name = "JSON Parsing Practice";
			productName = "JSON Parsing Practice";
			productReference = C28E5540260CFFA600FB97C1 /* JSON Parsing Practice.app */;
			productType = "com.apple.product-type.application";
		};
/* End PBXNativeTarget section */

/* Begin PBXProject section */
		C28E5538260CFFA500FB97C1 /* Project object */ = {
			isa = PBXProject;
			attributes = {
				LastSwiftUpdateCheck = 1240;
				LastUpgradeCheck = 1240;
				TargetAttributes = {
					C28E553F260CFFA600FB97C1 = {
						CreatedOnToolsVersion = 12.4;
					};
				};
			};
			buildConfigurationList = C28E553B260CFFA600FB97C1 /* Build configuration list for PBXProject "JSON Parsing Practice" */;
			compatibilityVersion = "Xcode 9.3";
			developmentRegion = en;
			hasScannedForEncodings = 0;
			knownRegions = (
				en,
				Base,
			);
			mainGroup = C28E5537260CFFA500FB97C1;
			productRefGroup = C28E5541260CFFA600FB97C1 /* Products */;
			projectDirPath = "";
			projectRoot = "";
			targets = (
				C28E553F260CFFA600FB97C1 /* JSON Parsing Practice */,
			);
		};
/* End PBXProject section */

/* Begin PBXResourcesBuildPhase section */
		C28E553E260CFFA600FB97C1 /* Resources */ = {
			isa = PBXResourcesBuildPhase;
			buildActionMask = 2147483647;
			files = (
				C28E554B260CFFA700FB97C1 /* Preview Assets.xcassets in Resources */,
				C28E5548260CFFA700FB97C1 /* Assets.xcassets in Resources */,
			);
			runOnlyForDeploymentPostprocessing = 0;
		};
/* End PBXResourcesBuildPhase section */

/* Begin PBXSourcesBuildPhase section */
		C28E553C260CFFA600FB97C1 /* Sources */ = {
			isa = PBXSourcesBuildPhase;
			buildActionMask = 2147483647;
			files = (
				C28E555A260D036600FB97C1 /* Users.swift in Sources */,
				C28E5557260D001300FB97C1 /* APIManager.swift in Sources */,
				C28E555D260D03C900FB97C1 /* Posts.swift in Sources */,
				C28E5560260D03E300FB97C1 /* Albums.swift in Sources */,
				C28E5546260CFFA600FB97C1 /* ContentView.swift in Sources */,
				C28E5544260CFFA600FB97C1 /* JSON_Parsing_PracticeApp.swift in Sources */,
			);
			runOnlyForDeploymentPostprocessing = 0;
		};
/* End PBXSourcesBuildPhase section */

/* Begin XCBuildConfiguration section */
		C28E554D260CFFA700FB97C1 /* Debug */ = {
			isa = XCBuildConfiguration;
			buildSettings = {
				ALWAYS_SEARCH_USER_PATHS = NO;
				CLANG_ANALYZER_NONNULL = YES;
				CLANG_ANALYZER_NUMBER_OBJECT_CONVERSION = YES_AGGRESSIVE;
				CLANG_CXX_LANGUAGE_STANDARD = "gnu++14";
				CLANG_CXX_LIBRARY = "libc++";
				CLANG_ENABLE_MODULES = YES;
				CLANG_ENABLE_OBJC_ARC = YES;
				CLANG_ENABLE_OBJC_WEAK = YES;
				CLANG_WARN_BLOCK_CAPTURE_AUTORELEASING = YES;
				CLANG_WARN_BOOL_CONVERSION = YES;
				CLANG_WARN_COMMA = YES;
				CLANG_WARN_CONSTANT_CONVERSION = YES;
				CLANG_WARN_DEPRECATED_OBJC_IMPLEMENTATIONS = YES;
				CLANG_WARN_DIRECT_OBJC_ISA_USAGE = YES_ERROR;
				CLANG_WARN_DOCUMENTATION_COMMENTS = YES;
				CLANG_WARN_EMPTY_BODY = YES;
				CLANG_WARN_ENUM_CONVERSION = YES;
				CLANG_WARN_INFINITE_RECURSION = YES;
				CLANG_WARN_INT_CONVERSION = YES;
				CLANG_WARN_NON_LITERAL_NULL_CONVERSION = YES;
				CLANG_WARN_OBJC_IMPLICIT_RETAIN_SELF = YES;
				CLANG_WARN_OBJC_LITERAL_CONVERSION = YES;
				CLANG_WARN_OBJC_ROOT_CLASS = YES_ERROR;
				CLANG_WARN_QUOTED_INCLUDE_IN_FRAMEWORK_HEADER = YES;
				CLANG_WARN_RANGE_LOOP_ANALYSIS = YES;
				CLANG_WARN_STRICT_PROTOTYPES = YES;
				CLANG_WARN_SUSPICIOUS_MOVE = YES;
				CLANG_WARN_UNGUARDED_AVAILABILITY = YES_AGGRESSIVE;
				CLANG_WARN_UNREACHABLE_CODE = YES;
				CLANG_WARN__DUPLICATE_METHOD_MATCH = YES;
				COPY_PHASE_STRIP = NO;
				DEBUG_INFORMATION_FORMAT = dwarf;
				ENABLE_STRICT_OBJC_MSGSEND = YES;
				ENABLE_TESTABILITY = YES;
				GCC_C_LANGUAGE_STANDARD = gnu11;
				GCC_DYNAMIC_NO_PIC = NO;
				GCC_NO_COMMON_BLOCKS = YES;
				GCC_OPTIMIZATION_LEVEL = 0;
				GCC_PREPROCESSOR_DEFINITIONS = (
					"DEBUG=1",
					"$(inherited)",
				);
				GCC_WARN_64_TO_32_BIT_CONVERSION = YES;
				GCC_WARN_ABOUT_RETURN_TYPE = YES_ERROR;
				GCC_WARN_UNDECLARED_SELECTOR = YES;
				GCC_WARN_UNINITIALIZED_AUTOS = YES_AGGRESSIVE;
				GCC_WARN_UNUSED_FUNCTION = YES;
				GCC_WARN_UNUSED_VARIABLE = YES;
				IPHONEOS_DEPLOYMENT_TARGET = 14.4;
				MTL_ENABLE_DEBUG_INFO = INCLUDE_SOURCE;
				MTL_FAST_MATH = YES;
				ONLY_ACTIVE_ARCH = YES;
				SDKROOT = iphoneos;
				SWIFT_ACTIVE_COMPILATION_CONDITIONS = DEBUG;
				SWIFT_OPTIMIZATION_LEVEL = "-Onone";
			};
			name = Debug;
		};
		C28E554E260CFFA700FB97C1 /* Release */ = {
			isa = XCBuildConfiguration;
			buildSettings = {
				ALWAYS_SEARCH_USER_PATHS = NO;
				CLANG_ANALYZER_NONNULL = YES;
				CLANG_ANALYZER_NUMBER_OBJECT_CONVERSION = YES_AGGRESSIVE;
				CLANG_CXX_LANGUAGE_STANDARD = "gnu++14";
				CLANG_CXX_LIBRARY = "libc++";
				CLANG_ENABLE_MODULES = YES;
				CLANG_ENABLE_OBJC_ARC = YES;
				CLANG_ENABLE_OBJC_WEAK = YES;
				CLANG_WARN_BLOCK_CAPTURE_AUTORELEASING = YES;
				CLANG_WARN_BOOL_CONVERSION = YES;
				CLANG_WARN_COMMA = YES;
				CLANG_WARN_CONSTANT_CONVERSION = YES;
				CLANG_WARN_DEPRECATED_OBJC_IMPLEMENTATIONS = YES;
				CLANG_WARN_DIRECT_OBJC_ISA_USAGE = YES_ERROR;
				CLANG_WARN_DOCUMENTATION_COMMENTS = YES;
				CLANG_WARN_EMPTY_BODY = YES;
				CLANG_WARN_ENUM_CONVERSION = YES;
				CLANG_WARN_INFINITE_RECURSION = YES;
				CLANG_WARN_INT_CONVERSION = YES;
				CLANG_WARN_NON_LITERAL_NULL_CONVERSION = YES;
				CLANG_WARN_OBJC_IMPLICIT_RETAIN_SELF = YES;
				CLANG_WARN_OBJC_LITERAL_CONVERSION = YES;
				CLANG_WARN_OBJC_ROOT_CLASS = YES_ERROR;
				CLANG_WARN_QUOTED_INCLUDE_IN_FRAMEWORK_HEADER = YES;
				CLANG_WARN_RANGE_LOOP_ANALYSIS = YES;
				CLANG_WARN_STRICT_PROTOTYPES = YES;
				CLANG_WARN_SUSPICIOUS_MOVE = YES;
				CLANG_WARN_UNGUARDED_AVAILABILITY = YES_AGGRESSIVE;
				CLANG_WARN_UNREACHABLE_CODE = YES;
				CLANG_WARN__DUPLICATE_METHOD_MATCH = YES;
				COPY_PHASE_STRIP = NO;
				DEBUG_INFORMATION_FORMAT = "dwarf-with-dsym";
				ENABLE_NS_ASSERTIONS = NO;
				ENABLE_STRICT_OBJC_MSGSEND = YES;
				GCC_C_LANGUAGE_STANDARD = gnu11;
				GCC_NO_COMMON_BLOCKS = YES;
				GCC_WARN_64_TO_32_BIT_CONVERSION = YES;
				GCC_WARN_ABOUT_RETURN_TYPE = YES_ERROR;
				GCC_WARN_UNDECLARED_SELECTOR = YES;
				GCC_WARN_UNINITIALIZED_AUTOS = YES_AGGRESSIVE;
				GCC_WARN_UNUSED_FUNCTION = YES;
				GCC_WARN_UNUSED_VARIABLE = YES;
				IPHONEOS_DEPLOYMENT_TARGET = 14.4;
				MTL_ENABLE_DEBUG_INFO = NO;
				MTL_FAST_MATH = YES;
				SDKROOT = iphoneos;
				SWIFT_COMPILATION_MODE = wholemodule;
				SWIFT_OPTIMIZATION_LEVEL = "-O";
				VALIDATE_PRODUCT = YES;
			};
			name = Release;
		};
		C28E5550260CFFA700FB97C1 /* Debug */ = {
			isa = XCBuildConfiguration;
			buildSettings = {
				ASSETCATALOG_COMPILER_APPICON_NAME = AppIcon;
				ASSETCATALOG_COMPILER_GLOBAL_ACCENT_COLOR_NAME = AccentColor;
				CODE_SIGN_STYLE = Automatic;
				DEVELOPMENT_ASSET_PATHS = "\"JSON Parsing Practice/Preview Content\"";
				DEVELOPMENT_TEAM = QUXUWH42GX;
				ENABLE_PREVIEWS = YES;
				INFOPLIST_FILE = "JSON Parsing Practice/Info.plist";
				IPHONEOS_DEPLOYMENT_TARGET = 14.0;
				LD_RUNPATH_SEARCH_PATHS = (
					"$(inherited)",
					"@executable_path/Frameworks",
				);
				PRODUCT_BUNDLE_IDENTIFIER = "com.lectrum.JSON-Parsing-Practice";
				PRODUCT_NAME = "$(TARGET_NAME)";
				SWIFT_VERSION = 5.0;
				TARGETED_DEVICE_FAMILY = "1,2";
			};
			name = Debug;
		};
		C28E5551260CFFA700FB97C1 /* Release */ = {
			isa = XCBuildConfiguration;
			buildSettings = {
				ASSETCATALOG_COMPILER_APPICON_NAME = AppIcon;
				ASSETCATALOG_COMPILER_GLOBAL_ACCENT_COLOR_NAME = AccentColor;
				CODE_SIGN_STYLE = Automatic;
				DEVELOPMENT_ASSET_PATHS = "\"JSON Parsing Practice/Preview Content\"";
				DEVELOPMENT_TEAM = QUXUWH42GX;
				ENABLE_PREVIEWS = YES;
				INFOPLIST_FILE = "JSON Parsing Practice/Info.plist";
				IPHONEOS_DEPLOYMENT_TARGET = 14.0;
				LD_RUNPATH_SEARCH_PATHS = (
					"$(inherited)",
					"@executable_path/Frameworks",
				);
				PRODUCT_BUNDLE_IDENTIFIER = "com.lectrum.JSON-Parsing-Practice";
				PRODUCT_NAME = "$(TARGET_NAME)";
				SWIFT_VERSION = 5.0;
				TARGETED_DEVICE_FAMILY = "1,2";
			};
			name = Release;
		};
/* End XCBuildConfiguration section */

/* Begin XCConfigurationList section */
		C28E553B260CFFA600FB97C1 /* Build configuration list for PBXProject "JSON Parsing Practice" */ = {
			isa = XCConfigurationList;
			buildConfigurations = (
				C28E554D260CFFA700FB97C1 /* Debug */,
				C28E554E260CFFA700FB97C1 /* Release */,
			);
			defaultConfigurationIsVisible = 0;
			defaultConfigurationName = Release;
		};
		C28E554F260CFFA700FB97C1 /* Build configuration list for PBXNativeTarget "JSON Parsing Practice" */ = {
			isa = XCConfigurationList;
			buildConfigurations = (
				C28E5550260CFFA700FB97C1 /* Debug */,
				C28E5551260CFFA700FB97C1 /* Release */,
			);
			defaultConfigurationIsVisible = 0;
			defaultConfigurationName = Release;
		};
/* End XCConfigurationList section */
	};
	rootObject = C28E5538260CFFA500FB97C1 /* Project object */;
}
